
Microsoft Visual Studio Solution File, Format Version 12.00
# Visual Studio Version 17
VisualStudioVersion = 17.14.36221.1
MinimumVisualStudioVersion = 10.0.40219.1
Project("{FAE04EC0-301F-11D3-BF4B-00C04F79EFBC}") = "TotoroNext", "TotoroNext\TotoroNext.csproj", "{F68D9278-916E-4F29-8A64-3664B88388CA}"
EndProject
Project("{FAE04EC0-301F-11D3-BF4B-00C04F79EFBC}") = "TotoroNext.Module", "TotoroNext.Module\TotoroNext.Module.csproj", "{470C6602-2781-4B6D-8AF9-D8169C8C0BED}"
EndProject
Project("{2150E333-8FDC-42A3-9474-1A3956D46DE8}") = "Solution Items", "Solution Items", "{49B7BD5E-E31A-472C-82E4-A2F72BB9E540}"
	ProjectSection(SolutionItems) = preProject
		Directory.Build.props = Directory.Build.props
		Directory.Packages.props = Directory.Packages.props
		.gitignore = .gitignore
	EndProjectSection
EndProject
Project("{FAE04EC0-301F-11D3-BF4B-00C04F79EFBC}") = "TotoroNext.Anime", "TotoroNext.Anime\TotoroNext.Anime.csproj", "{2C065B11-3DD4-4D30-B5BB-5B1AFC02D9BF}"
EndProject
Project("{FAE04EC0-301F-11D3-BF4B-00C04F79EFBC}") = "TotoroNext.Anime.Abstractions", "TotoroNext.Anime.Abstractions\TotoroNext.Anime.Abstractions.csproj", "{C4379CB4-C7DD-4AEA-94AB-7A420448E775}"
EndProject
Project("{FAE04EC0-301F-11D3-BF4B-00C04F79EFBC}") = "TotoroNext.Anime.Anilist", "TotoroNext.Anime.Anilist\TotoroNext.Anime.Anilist.csproj", "{537DF5E4-D4CC-4D72-8051-4F32290D297D}"
EndProject
Project("{FAE04EC0-301F-11D3-BF4B-00C04F79EFBC}") = "TotoroNext.Anime.AllAnime", "TotoroNext.Anime.AllAnime\TotoroNext.Anime.AllAnime.csproj", "{88B21E84-0B45-4006-9DE3-8BB120FDBFB4}"
EndProject
Project("{FAE04EC0-301F-11D3-BF4B-00C04F79EFBC}") = "TotoroNext.MediaEngine.Abstractions", "TotoroNext.MediaEngine.Abstractions\TotoroNext.MediaEngine.Abstractions.csproj", "{22CC8FAF-4AE0-4159-9577-4A70E90747E1}"
EndProject
Project("{FAE04EC0-301F-11D3-BF4B-00C04F79EFBC}") = "TotoroNext.MediaEngine.Mpv", "TotoroNext.MediaEngine.Mpv\TotoroNext.MediaEngine.Mpv.csproj", "{94665FD8-2AA5-40D7-867E-2138F2A3C9A2}"
EndProject
Project("{2150E333-8FDC-42A3-9474-1A3956D46DE8}") = "Anime", "Anime", "{B6828270-B7ED-44BA-9E63-5150862C5EC1}"
EndProject
Project("{2150E333-8FDC-42A3-9474-1A3956D46DE8}") = "List", "List", "{87583066-B136-4590-A2A6-2528C2325C89}"
EndProject
Project("{2150E333-8FDC-42A3-9474-1A3956D46DE8}") = "Provider", "Provider", "{145BCEAF-5FCE-47EF-9603-59CC6848E85E}"
EndProject
Project("{2150E333-8FDC-42A3-9474-1A3956D46DE8}") = "Media", "Media", "{67900E7A-A46C-4B5D-8A6F-F9864476224B}"
EndProject
Project("{2150E333-8FDC-42A3-9474-1A3956D46DE8}") = "Players", "Players", "{8D8DC43D-B6AB-4EE5-B2C0-AF29333BD684}"
EndProject
Project("{FAE04EC0-301F-11D3-BF4B-00C04F79EFBC}") = "TotoroNext.Anime.Aniskip", "TotoroNext.Anime.Aniskip\TotoroNext.Anime.Aniskip.csproj", "{BC8BF9E8-0797-4705-AE40-F584C8FBC728}"
EndProject
Project("{FAE04EC0-301F-11D3-BF4B-00C04F79EFBC}") = "TotoroNext.Anime.MyAnimeList", "TotoroNext.Anime.MyAnimeList\TotoroNext.Anime.MyAnimeList.csproj", "{6D2FAA1D-D1D5-4C62-8166-4A3B6A2ED0C2}"
EndProject
Project("{FAE04EC0-301F-11D3-BF4B-00C04F79EFBC}") = "TotoroNext.Anime.AnimePahe", "TotoroNext.Anime.AnimePahe\TotoroNext.Anime.AnimePahe.csproj", "{45769F16-5B36-4320-A19A-852C71195A61}"
EndProject
Project("{2150E333-8FDC-42A3-9474-1A3956D46DE8}") = "Misc", "Misc", "{5CAC8F68-6477-49F3-A75E-AE2D62688E6D}"
EndProject
Project("{FAE04EC0-301F-11D3-BF4B-00C04F79EFBC}") = "TotoroNext.Discord", "TotoroNext.Discord\TotoroNext.Discord.csproj", "{FDE9276F-04A3-4FFA-A2C1-2C0B8C301C9C}"
EndProject
Project("{FAE04EC0-301F-11D3-BF4B-00C04F79EFBC}") = "TotoroNext.MediaEngine.Vlc", "TotoroNext.MediaEngine.Vlc\TotoroNext.MediaEngine.Vlc.csproj", "{4E2FCC19-D0D2-40B8-ACEA-B61F87F63A6B}"
EndProject
Global
	GlobalSection(SolutionConfigurationPlatforms) = preSolution
		Debug|x64 = Debug|x64
		Release|x64 = Release|x64
	EndGlobalSection
	GlobalSection(ProjectConfigurationPlatforms) = postSolution
		{F68D9278-916E-4F29-8A64-3664B88388CA}.Debug|x64.ActiveCfg = Debug|x64
		{F68D9278-916E-4F29-8A64-3664B88388CA}.Debug|x64.Build.0 = Debug|x64
		{F68D9278-916E-4F29-8A64-3664B88388CA}.Release|x64.ActiveCfg = Release|x64
		{F68D9278-916E-4F29-8A64-3664B88388CA}.Release|x64.Build.0 = Release|x64
		{470C6602-2781-4B6D-8AF9-D8169C8C0BED}.Debug|x64.ActiveCfg = Debug|x64
		{470C6602-2781-4B6D-8AF9-D8169C8C0BED}.Debug|x64.Build.0 = Debug|x64
		{470C6602-2781-4B6D-8AF9-D8169C8C0BED}.Release|x64.ActiveCfg = Release|x64
		{470C6602-2781-4B6D-8AF9-D8169C8C0BED}.Release|x64.Build.0 = Release|x64
		{2C065B11-3DD4-4D30-B5BB-5B1AFC02D9BF}.Debug|x64.ActiveCfg = Debug|x64
		{2C065B11-3DD4-4D30-B5BB-5B1AFC02D9BF}.Debug|x64.Build.0 = Debug|x64
		{2C065B11-3DD4-4D30-B5BB-5B1AFC02D9BF}.Release|x64.ActiveCfg = Release|x64
		{2C065B11-3DD4-4D30-B5BB-5B1AFC02D9BF}.Release|x64.Build.0 = Release|x64
		{C4379CB4-C7DD-4AEA-94AB-7A420448E775}.Debug|x64.ActiveCfg = Debug|x64
		{C4379CB4-C7DD-4AEA-94AB-7A420448E775}.Debug|x64.Build.0 = Debug|x64
		{C4379CB4-C7DD-4AEA-94AB-7A420448E775}.Release|x64.ActiveCfg = Release|x64
		{C4379CB4-C7DD-4AEA-94AB-7A420448E775}.Release|x64.Build.0 = Release|x64
		{537DF5E4-D4CC-4D72-8051-4F32290D297D}.Debug|x64.ActiveCfg = Debug|x64
		{537DF5E4-D4CC-4D72-8051-4F32290D297D}.Debug|x64.Build.0 = Debug|x64
		{537DF5E4-D4CC-4D72-8051-4F32290D297D}.Release|x64.ActiveCfg = Release|x64
		{537DF5E4-D4CC-4D72-8051-4F32290D297D}.Release|x64.Build.0 = Release|x64
		{88B21E84-0B45-4006-9DE3-8BB120FDBFB4}.Debug|x64.ActiveCfg = Debug|x64
		{88B21E84-0B45-4006-9DE3-8BB120FDBFB4}.Debug|x64.Build.0 = Debug|x64
		{88B21E84-0B45-4006-9DE3-8BB120FDBFB4}.Release|x64.ActiveCfg = Release|x64
		{88B21E84-0B45-4006-9DE3-8BB120FDBFB4}.Release|x64.Build.0 = Release|x64
		{22CC8FAF-4AE0-4159-9577-4A70E90747E1}.Debug|x64.ActiveCfg = Debug|x64
		{22CC8FAF-4AE0-4159-9577-4A70E90747E1}.Debug|x64.Build.0 = Debug|x64
		{22CC8FAF-4AE0-4159-9577-4A70E90747E1}.Release|x64.ActiveCfg = Release|x64
		{22CC8FAF-4AE0-4159-9577-4A70E90747E1}.Release|x64.Build.0 = Release|x64
		{94665FD8-2AA5-40D7-867E-2138F2A3C9A2}.Debug|x64.ActiveCfg = Debug|x64
		{94665FD8-2AA5-40D7-867E-2138F2A3C9A2}.Debug|x64.Build.0 = Debug|x64
		{94665FD8-2AA5-40D7-867E-2138F2A3C9A2}.Release|x64.ActiveCfg = Release|x64
		{94665FD8-2AA5-40D7-867E-2138F2A3C9A2}.Release|x64.Build.0 = Release|x64
		{BC8BF9E8-0797-4705-AE40-F584C8FBC728}.Debug|x64.ActiveCfg = Debug|x64
		{BC8BF9E8-0797-4705-AE40-F584C8FBC728}.Debug|x64.Build.0 = Debug|x64
		{BC8BF9E8-0797-4705-AE40-F584C8FBC728}.Release|x64.ActiveCfg = Release|x64
		{BC8BF9E8-0797-4705-AE40-F584C8FBC728}.Release|x64.Build.0 = Release|x64
		{6D2FAA1D-D1D5-4C62-8166-4A3B6A2ED0C2}.Debug|x64.ActiveCfg = Debug|x64
		{6D2FAA1D-D1D5-4C62-8166-4A3B6A2ED0C2}.Debug|x64.Build.0 = Debug|x64
		{6D2FAA1D-D1D5-4C62-8166-4A3B6A2ED0C2}.Release|x64.ActiveCfg = Release|x64
		{6D2FAA1D-D1D5-4C62-8166-4A3B6A2ED0C2}.Release|x64.Build.0 = Release|x64
		{45769F16-5B36-4320-A19A-852C71195A61}.Debug|x64.ActiveCfg = Debug|x64
		{45769F16-5B36-4320-A19A-852C71195A61}.Debug|x64.Build.0 = Debug|x64
		{45769F16-5B36-4320-A19A-852C71195A61}.Release|x64.ActiveCfg = Release|x64
		{45769F16-5B36-4320-A19A-852C71195A61}.Release|x64.Build.0 = Release|x64
		{FDE9276F-04A3-4FFA-A2C1-2C0B8C301C9C}.Debug|x64.ActiveCfg = Debug|x64
		{FDE9276F-04A3-4FFA-A2C1-2C0B8C301C9C}.Debug|x64.Build.0 = Debug|x64
		{FDE9276F-04A3-4FFA-A2C1-2C0B8C301C9C}.Release|x64.ActiveCfg = Release|x64
		{FDE9276F-04A3-4FFA-A2C1-2C0B8C301C9C}.Release|x64.Build.0 = Release|x64
		{4E2FCC19-D0D2-40B8-ACEA-B61F87F63A6B}.Debug|x64.ActiveCfg = Debug|x64
		{4E2FCC19-D0D2-40B8-ACEA-B61F87F63A6B}.Debug|x64.Build.0 = Debug|x64
		{4E2FCC19-D0D2-40B8-ACEA-B61F87F63A6B}.Release|x64.ActiveCfg = Release|x64
		{4E2FCC19-D0D2-40B8-ACEA-B61F87F63A6B}.Release|x64.Build.0 = Release|x64
	EndGlobalSection
	GlobalSection(SolutionProperties) = preSolution
		HideSolutionNode = FALSE
	EndGlobalSection
	GlobalSection(ExtensibilityGlobals) = postSolution
		SolutionGuid = {A99C9AE3-1A61-4A01-A03A-0916DC269789}
	EndGlobalSection
	GlobalSection(NestedProjects) = preSolution
		{2C065B11-3DD4-4D30-B5BB-5B1AFC02D9BF} = {B6828270-B7ED-44BA-9E63-5150862C5EC1}
		{C4379CB4-C7DD-4AEA-94AB-7A420448E775} = {B6828270-B7ED-44BA-9E63-5150862C5EC1}
		{87583066-B136-4590-A2A6-2528C2325C89} = {B6828270-B7ED-44BA-9E63-5150862C5EC1}
		{145BCEAF-5FCE-47EF-9603-59CC6848E85E} = {B6828270-B7ED-44BA-9E63-5150862C5EC1}
		{88B21E84-0B45-4006-9DE3-8BB120FDBFB4} = {145BCEAF-5FCE-47EF-9603-59CC6848E85E}
		{537DF5E4-D4CC-4D72-8051-4F32290D297D} = {87583066-B136-4590-A2A6-2528C2325C89}
		{22CC8FAF-4AE0-4159-9577-4A70E90747E1} = {67900E7A-A46C-4B5D-8A6F-F9864476224B}
		{8D8DC43D-B6AB-4EE5-B2C0-AF29333BD684} = {67900E7A-A46C-4B5D-8A6F-F9864476224B}
		{94665FD8-2AA5-40D7-867E-2138F2A3C9A2} = {8D8DC43D-B6AB-4EE5-B2C0-AF29333BD684}
		{BC8BF9E8-0797-4705-AE40-F584C8FBC728} = {67900E7A-A46C-4B5D-8A6F-F9864476224B}
		{6D2FAA1D-D1D5-4C62-8166-4A3B6A2ED0C2} = {87583066-B136-4590-A2A6-2528C2325C89}
		{45769F16-5B36-4320-A19A-852C71195A61} = {145BCEAF-5FCE-47EF-9603-59CC6848E85E}
		{FDE9276F-04A3-4FFA-A2C1-2C0B8C301C9C} = {5CAC8F68-6477-49F3-A75E-AE2D62688E6D}
		{4E2FCC19-D0D2-40B8-ACEA-B61F87F63A6B} = {8D8DC43D-B6AB-4EE5-B2C0-AF29333BD684}
	EndGlobalSection
EndGlobal
